
Microsoft Visual Studio Solution File, Format Version 12.00
Project("{F2A71F9B-5D33-465A-A702-920D77279786}") = "hw1", "hw1\hw1.fsproj", "{0D25A530-A669-4CFC-92DF-161703584B9A}"
EndProject
Global
	GlobalSection(SolutionConfigurationPlatforms) = preSolution
		Debug|Any CPU = Debug|Any CPU
		Release|Any CPU = Release|Any CPU
	EndGlobalSection
	GlobalSection(ProjectConfigurationPlatforms) = postSolution
		{0D25A530-A669-4CFC-92DF-161703584B9A}.Debug|Any CPU.ActiveCfg = Debug|Any CPU
		{0D25A530-A669-4CFC-92DF-161703584B9A}.Debug|Any CPU.Build.0 = Debug|Any CPU
		{0D25A530-A669-4CFC-92DF-161703584B9A}.Release|Any CPU.ActiveCfg = Release|Any CPU
		{0D25A530-A669-4CFC-92DF-161703584B9A}.Release|Any CPU.Build.0 = Release|Any CPU
	EndGlobalSection
EndGlobal
